// !$*UTF8*$!
{
	archiveVersion = 1;
	classes = {
	};
	objectVersion = 56;
	objects = {

/* Begin PBXBuildFile section */
		21F03E932ABC50A600ABEF00 /* AppDelegate.swift in Sources */ = {isa = PBXBuildFile; fileRef = 21F03E922ABC50A600ABEF00 /* AppDelegate.swift */; };
		21F03E952ABC50A600ABEF00 /* SceneDelegate.swift in Sources */ = {isa = PBXBuildFile; fileRef = 21F03E942ABC50A600ABEF00 /* SceneDelegate.swift */; };
		21F03E972ABC50A600ABEF00 /* ViewController.swift in Sources */ = {isa = PBXBuildFile; fileRef = 21F03E962ABC50A600ABEF00 /* ViewController.swift */; };
		21F03E9A2ABC50A600ABEF00 /* Main.storyboard in Resources */ = {isa = PBXBuildFile; fileRef = 21F03E982ABC50A600ABEF00 /* Main.storyboard */; };
		21F03E9C2ABC50A600ABEF00 /* Assets.xcassets in Resources */ = {isa = PBXBuildFile; fileRef = 21F03E9B2ABC50A600ABEF00 /* Assets.xcassets */; };
		21F03E9F2ABC50A600ABEF00 /* LaunchScreen.storyboard in Resources */ = {isa = PBXBuildFile; fileRef = 21F03E9D2ABC50A600ABEF00 /* LaunchScreen.storyboard */; };
		21F03EAA2ABC50A700ABEF00 /* HackwichFOUR_v2_9_21_23Tests.swift in Sources */ = {isa = PBXBuildFile; fileRef = 21F03EA92ABC50A700ABEF00 /* HackwichFOUR_v2_9_21_23Tests.swift */; };
		21F03EB42ABC50A700ABEF00 /* HackwichFOUR_v2_9_21_23UITests.swift in Sources */ = {isa = PBXBuildFile; fileRef = 21F03EB32ABC50A700ABEF00 /* HackwichFOUR_v2_9_21_23UITests.swift */; };
		21F03EB62ABC50A700ABEF00 /* HackwichFOUR_v2_9_21_23UITestsLaunchTests.swift in Sources */ = {isa = PBXBuildFile; fileRef = 21F03EB52ABC50A700ABEF00 /* HackwichFOUR_v2_9_21_23UITestsLaunchTests.swift */; };
		21F03EC32ABC520D00ABEF00 /* secondViewController.swift in Sources */ = {isa = PBXBuildFile; fileRef = 21F03EC22ABC520D00ABEF00 /* secondViewController.swift */; };
/* End PBXBuildFile section */

/* Begin PBXContainerItemProxy section */
		21F03EA62ABC50A700ABEF00 /* PBXContainerItemProxy */ = {
			isa = PBXContainerItemProxy;
			containerPortal = 21F03E872ABC50A600ABEF00 /* Project object */;
			proxyType = 1;
			remoteGlobalIDString = 21F03E8E2ABC50A600ABEF00;
			remoteInfo = HackwichFOUR_v2_9.21.23;
		};
		21F03EB02ABC50A700ABEF00 /* PBXContainerItemProxy */ = {
			isa = PBXContainerItemProxy;
			containerPortal = 21F03E872ABC50A600ABEF00 /* Project object */;
			proxyType = 1;
			remoteGlobalIDString = 21F03E8E2ABC50A600ABEF00;
			remoteInfo = HackwichFOUR_v2_9.21.23;
		};
/* End PBXContainerItemProxy section */

/* Begin PBXFileReference section */
		21F03E8F2ABC50A600ABEF00 /* HackwichFOUR_v2_9.21.23.app */ = {isa = PBXFileReference; explicitFileType = wrapper.application; includeInIndex = 0; path = HackwichFOUR_v2_9.21.23.app; sourceTree = BUILT_PRODUCTS_DIR; };
		21F03E922ABC50A600ABEF00 /* AppDelegate.swift */ = {isa = PBXFileReference; lastKnownFileType = sourcecode.swift; path = AppDelegate.swift; sourceTree = "<group>"; };
		21F03E942ABC50A600ABEF00 /* SceneDelegate.swift */ = {isa = PBXFileReference; lastKnownFileType = sourcecode.swift; path = SceneDelegate.swift; sourceTree = "<group>"; };
		21F03E962ABC50A600ABEF00 /* ViewController.swift */ = {isa = PBXFileReference; lastKnownFileType = sourcecode.swift; path = ViewController.swift; sourceTree = "<group>"; };
		21F03E992ABC50A600ABEF00 /* Base */ = {isa = PBXFileReference; lastKnownFileType = file.storyboard; name = Base; path = Base.lproj/Main.storyboard; sourceTree = "<group>"; };
		21F03E9B2ABC50A600ABEF00 /* Assets.xcassets */ = {isa = PBXFileReference; lastKnownFileType = folder.assetcatalog; path = Assets.xcassets; sourceTree = "<group>"; };
		21F03E9E2ABC50A600ABEF00 /* Base */ = {isa = PBXFileReference; lastKnownFileType = file.storyboard; name = Base; path = Base.lproj/LaunchScreen.storyboard; sourceTree = "<group>"; };
		21F03EA02ABC50A600ABEF00 /* Info.plist */ = {isa = PBXFileReference; lastKnownFileType = text.plist.xml; path = Info.plist; sourceTree = "<group>"; };
		21F03EA52ABC50A700ABEF00 /* HackwichFOUR_v2_9.21.23Tests.xctest */ = {isa = PBXFileReference; explicitFileType = wrapper.cfbundle; includeInIndex = 0; path = HackwichFOUR_v2_9.21.23Tests.xctest; sourceTree = BUILT_PRODUCTS_DIR; };
		21F03EA92ABC50A700ABEF00 /* HackwichFOUR_v2_9_21_23Tests.swift */ = {isa = PBXFileReference; lastKnownFileType = sourcecode.swift; path = HackwichFOUR_v2_9_21_23Tests.swift; sourceTree = "<group>"; };
		21F03EAF2ABC50A700ABEF00 /* HackwichFOUR_v2_9.21.23UITests.xctest */ = {isa = PBXFileReference; explicitFileType = wrapper.cfbundle; includeInIndex = 0; path = HackwichFOUR_v2_9.21.23UITests.xctest; sourceTree = BUILT_PRODUCTS_DIR; };
		21F03EB32ABC50A700ABEF00 /* HackwichFOUR_v2_9_21_23UITests.swift */ = {isa = PBXFileReference; lastKnownFileType = sourcecode.swift; path = HackwichFOUR_v2_9_21_23UITests.swift; sourceTree = "<group>"; };
		21F03EB52ABC50A700ABEF00 /* HackwichFOUR_v2_9_21_23UITestsLaunchTests.swift */ = {isa = PBXFileReference; lastKnownFileType = sourcecode.swift; path = HackwichFOUR_v2_9_21_23UITestsLaunchTests.swift; sourceTree = "<group>"; };
		21F03EC22ABC520D00ABEF00 /* secondViewController.swift */ = {isa = PBXFileReference; lastKnownFileType = sourcecode.swift; path = secondViewController.swift; sourceTree = "<group>"; };
/* End PBXFileReference section */

/* Begin PBXFrameworksBuildPhase section */
		21F03E8C2ABC50A600ABEF00 /* Frameworks */ = {
			isa = PBXFrameworksBuildPhase;
			buildActionMask = 2147483647;
			files = (
			);
			runOnlyForDeploymentPostprocessing = 0;
		};
		21F03EA22ABC50A700ABEF00 /* Frameworks */ = {
			isa = PBXFrameworksBuildPhase;
			buildActionMask = 2147483647;
			files = (
			);
			runOnlyForDeploymentPostprocessing = 0;
		};
		21F03EAC2ABC50A700ABEF00 /* Frameworks */ = {
			isa = PBXFrameworksBuildPhase;
			buildActionMask = 2147483647;
			files = (
			);
			runOnlyForDeploymentPostprocessing = 0;
		};
/* End PBXFrameworksBuildPhase section */

/* Begin PBXGroup section */
		21F03E862ABC50A600ABEF00 = {
			isa = PBXGroup;
			children = (
				21F03E912ABC50A600ABEF00 /* HackwichFOUR_v2_9.21.23 */,
				21F03EA82ABC50A700ABEF00 /* HackwichFOUR_v2_9.21.23Tests */,
				21F03EB22ABC50A700ABEF00 /* HackwichFOUR_v2_9.21.23UITests */,
				21F03E902ABC50A600ABEF00 /* Products */,
			);
			sourceTree = "<group>";
		};
		21F03E902ABC50A600ABEF00 /* Products */ = {
			isa = PBXGroup;
			children = (
				21F03E8F2ABC50A600ABEF00 /* HackwichFOUR_v2_9.21.23.app */,
				21F03EA52ABC50A700ABEF00 /* HackwichFOUR_v2_9.21.23Tests.xctest */,
				21F03EAF2ABC50A700ABEF00 /* HackwichFOUR_v2_9.21.23UITests.xctest */,
			);
			name = Products;
			sourceTree = "<group>";
		};
		21F03E912ABC50A600ABEF00 /* HackwichFOUR_v2_9.21.23 */ = {
			isa = PBXGroup;
			children = (
				21F03E922ABC50A600ABEF00 /* AppDelegate.swift */,
				21F03E942ABC50A600ABEF00 /* SceneDelegate.swift */,
				21F03E962ABC50A600ABEF00 /* ViewController.swift */,
				21F03E982ABC50A600ABEF00 /* Main.storyboard */,
				21F03EC22ABC520D00ABEF00 /* secondViewController.swift */,
				21F03E9B2ABC50A600ABEF00 /* Assets.xcassets */,
				21F03E9D2ABC50A600ABEF00 /* LaunchScreen.storyboard */,
				21F03EA02ABC50A600ABEF00 /* Info.plist */,
			);
			path = HackwichFOUR_v2_9.21.23;
			sourceTree = "<group>";
		};
		21F03EA82ABC50A700ABEF00 /* HackwichFOUR_v2_9.21.23Tests */ = {
			isa = PBXGroup;
			children = (
				21F03EA92ABC50A700ABEF00 /* HackwichFOUR_v2_9_21_23Tests.swift */,
			);
			path = HackwichFOUR_v2_9.21.23Tests;
			sourceTree = "<group>";
		};
		21F03EB22ABC50A700ABEF00 /* HackwichFOUR_v2_9.21.23UITests */ = {
			isa = PBXGroup;
			children = (
				21F03EB32ABC50A700ABEF00 /* HackwichFOUR_v2_9_21_23UITests.swift */,
				21F03EB52ABC50A700ABEF00 /* HackwichFOUR_v2_9_21_23UITestsLaunchTests.swift */,
			);
			path = HackwichFOUR_v2_9.21.23UITests;
			sourceTree = "<group>";
		};
/* End PBXGroup section */

/* Begin PBXNativeTarget section */
		21F03E8E2ABC50A600ABEF00 /* HackwichFOUR_v2_9.21.23 */ = {
			isa = PBXNativeTarget;
			buildConfigurationList = 21F03EB92ABC50A700ABEF00 /* Build configuration list for PBXNativeTarget "HackwichFOUR_v2_9.21.23" */;
			buildPhases = (
				21F03E8B2ABC50A600ABEF00 /* Sources */,
				21F03E8C2ABC50A600ABEF00 /* Frameworks */,
				21F03E8D2ABC50A600ABEF00 /* Resources */,
			);
			buildRules = (
			);
			dependencies = (
			);
			name = HackwichFOUR_v2_9.21.23;
			productName = HackwichFOUR_v2_9.21.23;
			productReference = 21F03E8F2ABC50A600ABEF00 /* HackwichFOUR_v2_9.21.23.app */;
			productType = "com.apple.product-type.application";
		};
		21F03EA42ABC50A700ABEF00 /* HackwichFOUR_v2_9.21.23Tests */ = {
			isa = PBXNativeTarget;
			buildConfigurationList = 21F03EBC2ABC50A700ABEF00 /* Build configuration list for PBXNativeTarget "HackwichFOUR_v2_9.21.23Tests" */;
			buildPhases = (
				21F03EA12ABC50A700ABEF00 /* Sources */,
				21F03EA22ABC50A700ABEF00 /* Frameworks */,
				21F03EA32ABC50A700ABEF00 /* Resources */,
			);
			buildRules = (
			);
			dependencies = (
				21F03EA72ABC50A700ABEF00 /* PBXTargetDependency */,
			);
			name = HackwichFOUR_v2_9.21.23Tests;
			productName = HackwichFOUR_v2_9.21.23Tests;
			productReference = 21F03EA52ABC50A700ABEF00 /* HackwichFOUR_v2_9.21.23Tests.xctest */;
			productType = "com.apple.product-type.bundle.unit-test";
		};
		21F03EAE2ABC50A700ABEF00 /* HackwichFOUR_v2_9.21.23UITests */ = {
			isa = PBXNativeTarget;
			buildConfigurationList = 21F03EBF2ABC50A700ABEF00 /* Build configuration list for PBXNativeTarget "HackwichFOUR_v2_9.21.23UITests" */;
			buildPhases = (
				21F03EAB2ABC50A700ABEF00 /* Sources */,
				21F03EAC2ABC50A700ABEF00 /* Frameworks */,
				21F03EAD2ABC50A700ABEF00 /* Resources */,
			);
			buildRules = (
			);
			dependencies = (
				21F03EB12ABC50A700ABEF00 /* PBXTargetDependency */,
			);
			name = HackwichFOUR_v2_9.21.23UITests;
			productName = HackwichFOUR_v2_9.21.23UITests;
			productReference = 21F03EAF2ABC50A700ABEF00 /* HackwichFOUR_v2_9.21.23UITests.xctest */;
			productType = "com.apple.product-type.bundle.ui-testing";
		};
/* End PBXNativeTarget section */

/* Begin PBXProject section */
		21F03E872ABC50A600ABEF00 /* Project object */ = {
			isa = PBXProject;
			attributes = {
				BuildIndependentTargetsInParallel = 1;
				LastSwiftUpdateCheck = 1430;
				LastUpgradeCheck = 1430;
				TargetAttributes = {
					21F03E8E2ABC50A600ABEF00 = {
						CreatedOnToolsVersion = 14.3.1;
					};
					21F03EA42ABC50A700ABEF00 = {
						CreatedOnToolsVersion = 14.3.1;
						TestTargetID = 21F03E8E2ABC50A600ABEF00;
					};
					21F03EAE2ABC50A700ABEF00 = {
						CreatedOnToolsVersion = 14.3.1;
						TestTargetID = 21F03E8E2ABC50A600ABEF00;
					};
				};
			};
			buildConfigurationList = 21F03E8A2ABC50A600ABEF00 /* Build configuration list for PBXProject "HackwichFOUR_v2_9.21.23" */;
			compatibilityVersion = "Xcode 14.0";
			developmentRegion = en;
			hasScannedForEncodings = 0;
			knownRegions = (
				en,
				Base,
			);
			mainGroup = 21F03E862ABC50A600ABEF00;
			productRefGroup = 21F03E902ABC50A600ABEF00 /* Products */;
			projectDirPath = "";
			projectRoot = "";
			targets = (
				21F03E8E2ABC50A600ABEF00 /* HackwichFOUR_v2_9.21.23 */,
				21F03EA42ABC50A700ABEF00 /* HackwichFOUR_v2_9.21.23Tests */,
				21F03EAE2ABC50A700ABEF00 /* HackwichFOUR_v2_9.21.23UITests */,
			);
		};
/* End PBXProject section */

/* Begin PBXResourcesBuildPhase section */
		21F03E8D2ABC50A600ABEF00 /* Resources */ = {
			isa = PBXResourcesBuildPhase;
			buildActionMask = 2147483647;
			files = (
				21F03E9F2ABC50A600ABEF00 /* LaunchScreen.storyboard in Resources */,
				21F03E9C2ABC50A600ABEF00 /* Assets.xcassets in Resources */,
				21F03E9A2ABC50A600ABEF00 /* Main.storyboard in Resources */,
			);
			runOnlyForDeploymentPostprocessing = 0;
		};
		21F03EA32ABC50A700ABEF00 /* Resources */ = {
			isa = PBXResourcesBuildPhase;
			buildActionMask = 2147483647;
			files = (
			);
			runOnlyForDeploymentPostprocessing = 0;
		};
		21F03EAD2ABC50A700ABEF00 /* Resources */ = {
			isa = PBXResourcesBuildPhase;
			buildActionMask = 2147483647;
			files = (
			);
			runOnlyForDeploymentPostprocessing = 0;
		};
/* End PBXResourcesBuildPhase section */

/* Begin PBXSourcesBuildPhase section */
		21F03E8B2ABC50A600ABEF00 /* Sources */ = {
			isa = PBXSourcesBuildPhase;
			buildActionMask = 2147483647;
			files = (
				21F03EC32ABC520D00ABEF00 /* secondViewController.swift in Sources */,
				21F03E972ABC50A600ABEF00 /* ViewController.swift in Sources */,
				21F03E932ABC50A600ABEF00 /* AppDelegate.swift in Sources */,
				21F03E952ABC50A600ABEF00 /* SceneDelegate.swift in Sources */,
			);
			runOnlyForDeploymentPostprocessing = 0;
		};
		21F03EA12ABC50A700ABEF00 /* Sources */ = {
			isa = PBXSourcesBuildPhase;
			buildActionMask = 2147483647;
			files = (
				21F03EAA2ABC50A700ABEF00 /* HackwichFOUR_v2_9_21_23Tests.swift in Sources */,
			);
			runOnlyForDeploymentPostprocessing = 0;
		};
		21F03EAB2ABC50A700ABEF00 /* Sources */ = {
			isa = PBXSourcesBuildPhase;
			buildActionMask = 2147483647;
			files = (
				21F03EB62ABC50A700ABEF00 /* HackwichFOUR_v2_9_21_23UITestsLaunchTests.swift in Sources */,
				21F03EB42ABC50A700ABEF00 /* HackwichFOUR_v2_9_21_23UITests.swift in Sources */,
			);
			runOnlyForDeploymentPostprocessing = 0;
		};
/* End PBXSourcesBuildPhase section */

/* Begin PBXTargetDependency section */
		21F03EA72ABC50A700ABEF00 /* PBXTargetDependency */ = {
			isa = PBXTargetDependency;
			target = 21F03E8E2ABC50A600ABEF00 /* HackwichFOUR_v2_9.21.23 */;
			targetProxy = 21F03EA62ABC50A700ABEF00 /* PBXContainerItemProxy */;
		};
		21F03EB12ABC50A700ABEF00 /* PBXTargetDependency */ = {
			isa = PBXTargetDependency;
			target = 21F03E8E2ABC50A600ABEF00 /* HackwichFOUR_v2_9.21.23 */;
			targetProxy = 21F03EB02ABC50A700ABEF00 /* PBXContainerItemProxy */;
		};
/* End PBXTargetDependency section */

/* Begin PBXVariantGroup section */
		21F03E982ABC50A600ABEF00 /* Main.storyboard */ = {
			isa = PBXVariantGroup;
			children = (
				21F03E992ABC50A600ABEF00 /* Base */,
			);
			name = Main.storyboard;
			sourceTree = "<group>";
		};
		21F03E9D2ABC50A600ABEF00 /* LaunchScreen.storyboard */ = {
			isa = PBXVariantGroup;
			children = (
				21F03E9E2ABC50A600ABEF00 /* Base */,
			);
			name = LaunchScreen.storyboard;
			sourceTree = "<group>";
		};
/* End PBXVariantGroup section */

/* Begin XCBuildConfiguration section */
		21F03EB72ABC50A700ABEF00 /* Debug */ = {
			isa = XCBuildConfiguration;
			buildSettings = {
				ALWAYS_SEARCH_USER_PATHS = NO;
				CLANG_ANALYZER_NONNULL = YES;
				CLANG_ANALYZER_NUMBER_OBJECT_CONVERSION = YES_AGGRESSIVE;
				CLANG_CXX_LANGUAGE_STANDARD = "gnu++20";
				CLANG_ENABLE_MODULES = YES;
				CLANG_ENABLE_OBJC_ARC = YES;
				CLANG_ENABLE_OBJC_WEAK = YES;
				CLANG_WARN_BLOCK_CAPTURE_AUTORELEASING = YES;
				CLANG_WARN_BOOL_CONVERSION = YES;
				CLANG_WARN_COMMA = YES;
				CLANG_WARN_CONSTANT_CONVERSION = YES;
				CLANG_WARN_DEPRECATED_OBJC_IMPLEMENTATIONS = YES;
				CLANG_WARN_DIRECT_OBJC_ISA_USAGE = YES_ERROR;
				CLANG_WARN_DOCUMENTATION_COMMENTS = YES;
				CLANG_WARN_EMPTY_BODY = YES;
				CLANG_WARN_ENUM_CONVERSION = YES;
				CLANG_WARN_INFINITE_RECURSION = YES;
				CLANG_WARN_INT_CONVERSION = YES;
				CLANG_WARN_NON_LITERAL_NULL_CONVERSION = YES;
				CLANG_WARN_OBJC_IMPLICIT_RETAIN_SELF = YES;
				CLANG_WARN_OBJC_LITERAL_CONVERSION = YES;
				CLANG_WARN_OBJC_ROOT_CLASS = YES_ERROR;
				CLANG_WARN_QUOTED_INCLUDE_IN_FRAMEWORK_HEADER = YES;
				CLANG_WARN_RANGE_LOOP_ANALYSIS = YES;
				CLANG_WARN_STRICT_PROTOTYPES = YES;
				CLANG_WARN_SUSPICIOUS_MOVE = YES;
				CLANG_WARN_UNGUARDED_AVAILABILITY = YES_AGGRESSIVE;
				CLANG_WARN_UNREACHABLE_CODE = YES;
				CLANG_WARN__DUPLICATE_METHOD_MATCH = YES;
				COPY_PHASE_STRIP = NO;
				DEBUG_INFORMATION_FORMAT = dwarf;
				ENABLE_STRICT_OBJC_MSGSEND = YES;
				ENABLE_TESTABILITY = YES;
				GCC_C_LANGUAGE_STANDARD = gnu11;
				GCC_DYNAMIC_NO_PIC = NO;
				GCC_NO_COMMON_BLOCKS = YES;
				GCC_OPTIMIZATION_LEVEL = 0;
				GCC_PREPROCESSOR_DEFINITIONS = (
					"DEBUG=1",
					"$(inherited)",
				);
				GCC_WARN_64_TO_32_BIT_CONVERSION = YES;
				GCC_WARN_ABOUT_RETURN_TYPE = YES_ERROR;
				GCC_WARN_UNDECLARED_SELECTOR = YES;
				GCC_WARN_UNINITIALIZED_AUTOS = YES_AGGRESSIVE;
				GCC_WARN_UNUSED_FUNCTION = YES;
				GCC_WARN_UNUSED_VARIABLE = YES;
				IPHONEOS_DEPLOYMENT_TARGET = 16.4;
				MTL_ENABLE_DEBUG_INFO = INCLUDE_SOURCE;
				MTL_FAST_MATH = YES;
				ONLY_ACTIVE_ARCH = YES;
				SDKROOT = iphoneos;
				SWIFT_ACTIVE_COMPILATION_CONDITIONS = DEBUG;
				SWIFT_OPTIMIZATION_LEVEL = "-Onone";
			};
			name = Debug;
		};
		21F03EB82ABC50A700ABEF00 /* Release */ = {
			isa = XCBuildConfiguration;
			buildSettings = {
				ALWAYS_SEARCH_USER_PATHS = NO;
				CLANG_ANALYZER_NONNULL = YES;
				CLANG_ANALYZER_NUMBER_OBJECT_CONVERSION = YES_AGGRESSIVE;
				CLANG_CXX_LANGUAGE_STANDARD = "gnu++20";
				CLANG_ENABLE_MODULES = YES;
				CLANG_ENABLE_OBJC_ARC = YES;
				CLANG_ENABLE_OBJC_WEAK = YES;
				CLANG_WARN_BLOCK_CAPTURE_AUTORELEASING = YES;
				CLANG_WARN_BOOL_CONVERSION = YES;
				CLANG_WARN_COMMA = YES;
				CLANG_WARN_CONSTANT_CONVERSION = YES;
				CLANG_WARN_DEPRECATED_OBJC_IMPLEMENTATIONS = YES;
				CLANG_WARN_DIRECT_OBJC_ISA_USAGE = YES_ERROR;
				CLANG_WARN_DOCUMENTATION_COMMENTS = YES;
				CLANG_WARN_EMPTY_BODY = YES;
				CLANG_WARN_ENUM_CONVERSION = YES;
				CLANG_WARN_INFINITE_RECURSION = YES;
				CLANG_WARN_INT_CONVERSION = YES;
				CLANG_WARN_NON_LITERAL_NULL_CONVERSION = YES;
				CLANG_WARN_OBJC_IMPLICIT_RETAIN_SELF = YES;
				CLANG_WARN_OBJC_LITERAL_CONVERSION = YES;
				CLANG_WARN_OBJC_ROOT_CLASS = YES_ERROR;
				CLANG_WARN_QUOTED_INCLUDE_IN_FRAMEWORK_HEADER = YES;
				CLANG_WARN_RANGE_LOOP_ANALYSIS = YES;
				CLANG_WARN_STRICT_PROTOTYPES = YES;
				CLANG_WARN_SUSPICIOUS_MOVE = YES;
				CLANG_WARN_UNGUARDED_AVAILABILITY = YES_AGGRESSIVE;
				CLANG_WARN_UNREACHABLE_CODE = YES;
				CLANG_WARN__DUPLICATE_METHOD_MATCH = YES;
				COPY_PHASE_STRIP = NO;
				DEBUG_INFORMATION_FORMAT = "dwarf-with-dsym";
				ENABLE_NS_ASSERTIONS = NO;
				ENABLE_STRICT_OBJC_MSGSEND = YES;
				GCC_C_LANGUAGE_STANDARD = gnu11;
				GCC_NO_COMMON_BLOCKS = YES;
				GCC_WARN_64_TO_32_BIT_CONVERSION = YES;
				GCC_WARN_ABOUT_RETURN_TYPE = YES_ERROR;
				GCC_WARN_UNDECLARED_SELECTOR = YES;
				GCC_WARN_UNINITIALIZED_AUTOS = YES_AGGRESSIVE;
				GCC_WARN_UNUSED_FUNCTION = YES;
				GCC_WARN_UNUSED_VARIABLE = YES;
				IPHONEOS_DEPLOYMENT_TARGET = 16.4;
				MTL_ENABLE_DEBUG_INFO = NO;
				MTL_FAST_MATH = YES;
				SDKROOT = iphoneos;
				SWIFT_COMPILATION_MODE = wholemodule;
				SWIFT_OPTIMIZATION_LEVEL = "-O";
				VALIDATE_PRODUCT = YES;
			};
			name = Release;
		};
		21F03EBA2ABC50A700ABEF00 /* Debug */ = {
			isa = XCBuildConfiguration;
			buildSettings = {
				ASSETCATALOG_COMPILER_APPICON_NAME = AppIcon;
				ASSETCATALOG_COMPILER_GLOBAL_ACCENT_COLOR_NAME = AccentColor;
				CODE_SIGN_STYLE = Automatic;
				CURRENT_PROJECT_VERSION = 1;
				DEVELOPMENT_TEAM = 2U492TAFXP;
				GENERATE_INFOPLIST_FILE = YES;
				INFOPLIST_FILE = HackwichFOUR_v2_9.21.23/Info.plist;
				INFOPLIST_KEY_UIApplicationSupportsIndirectInputEvents = YES;
				INFOPLIST_KEY_UILaunchStoryboardName = LaunchScreen;
				INFOPLIST_KEY_UIMainStoryboardFile = Main;
				INFOPLIST_KEY_UISupportedInterfaceOrientations_iPad = "UIInterfaceOrientationPortrait UIInterfaceOrientationPortraitUpsideDown UIInterfaceOrientationLandscapeLeft UIInterfaceOrientationLandscapeRight";
				INFOPLIST_KEY_UISupportedInterfaceOrientations_iPhone = "UIInterfaceOrientationPortrait UIInterfaceOrientationLandscapeLeft UIInterfaceOrientationLandscapeRight";
				LD_RUNPATH_SEARCH_PATHS = (
					"$(inherited)",
					"@executable_path/Frameworks",
				);
				MARKETING_VERSION = 1.0;
				PRODUCT_BUNDLE_IDENTIFIER = "UHWO.HackwichFOUR-v2-9-21-23";
				PRODUCT_NAME = "$(TARGET_NAME)";
				SWIFT_EMIT_LOC_STRINGS = YES;
				SWIFT_VERSION = 5.0;
				TARGETED_DEVICE_FAMILY = "1,2";
			};
			name = Debug;
		};
		21F03EBB2ABC50A700ABEF00 /* Release */ = {
			isa = XCBuildConfiguration;
			buildSettings = {
				ASSETCATALOG_COMPILER_APPICON_NAME = AppIcon;
				ASSETCATALOG_COMPILER_GLOBAL_ACCENT_COLOR_NAME = AccentColor;
				CODE_SIGN_STYLE = Automatic;
				CURRENT_PROJECT_VERSION = 1;
				DEVELOPMENT_TEAM = 2U492TAFXP;
				GENERATE_INFOPLIST_FILE = YES;
				INFOPLIST_FILE = HackwichFOUR_v2_9.21.23/Info.plist;
				INFOPLIST_KEY_UIApplicationSupportsIndirectInputEvents = YES;
				INFOPLIST_KEY_UILaunchStoryboardName = LaunchScreen;
				INFOPLIST_KEY_UIMainStoryboardFile = Main;
				INFOPLIST_KEY_UISupportedInterfaceOrientations_iPad = "UIInterfaceOrientationPortrait UIInterfaceOrientationPortraitUpsideDown UIInterfaceOrientationLandscapeLeft UIInterfaceOrientationLandscapeRight";
				INFOPLIST_KEY_UISupportedInterfaceOrientations_iPhone = "UIInterfaceOrientationPortrait UIInterfaceOrientationLandscapeLeft UIInterfaceOrientationLandscapeRight";
				LD_RUNPATH_SEARCH_PATHS = (
					"$(inherited)",
					"@executable_path/Frameworks",
				);
				MARKETING_VERSION = 1.0;
				PRODUCT_BUNDLE_IDENTIFIER = "UHWO.HackwichFOUR-v2-9-21-23";
				PRODUCT_NAME = "$(TARGET_NAME)";
				SWIFT_EMIT_LOC_STRINGS = YES;
				SWIFT_VERSION = 5.0;
				TARGETED_DEVICE_FAMILY = "1,2";
			};
			name = Release;
		};
		21F03EBD2ABC50A700ABEF00 /* Debug */ = {
			isa = XCBuildConfiguration;
			buildSettings = {
				ALWAYS_EMBED_SWIFT_STANDARD_LIBRARIES = YES;
				BUNDLE_LOADER = "$(TEST_HOST)";
				CODE_SIGN_STYLE = Automatic;
				CURRENT_PROJECT_VERSION = 1;
				DEVELOPMENT_TEAM = 2U492TAFXP;
				GENERATE_INFOPLIST_FILE = YES;
				IPHONEOS_DEPLOYMENT_TARGET = 16.4;
				MARKETING_VERSION = 1.0;
				PRODUCT_BUNDLE_IDENTIFIER = "UHWO.HackwichFOUR-v2-9-21-23Tests";
				PRODUCT_NAME = "$(TARGET_NAME)";
				SWIFT_EMIT_LOC_STRINGS = NO;
				SWIFT_VERSION = 5.0;
				TARGETED_DEVICE_FAMILY = "1,2";
				TEST_HOST = "$(BUILT_PRODUCTS_DIR)/HackwichFOUR_v2_9.21.23.app/$(BUNDLE_EXECUTABLE_FOLDER_PATH)/HackwichFOUR_v2_9.21.23";
			};
			name = Debug;
		};
		21F03EBE2ABC50A700ABEF00 /* Release */ = {
			isa = XCBuildConfiguration;
			buildSettings = {
				ALWAYS_EMBED_SWIFT_STANDARD_LIBRARIES = YES;
				BUNDLE_LOADER = "$(TEST_HOST)";
				CODE_SIGN_STYLE = Automatic;
				CURRENT_PROJECT_VERSION = 1;
				DEVELOPMENT_TEAM = 2U492TAFXP;
				GENERATE_INFOPLIST_FILE = YES;
				IPHONEOS_DEPLOYMENT_TARGET = 16.4;
				MARKETING_VERSION = 1.0;
				PRODUCT_BUNDLE_IDENTIFIER = "UHWO.HackwichFOUR-v2-9-21-23Tests";
				PRODUCT_NAME = "$(TARGET_NAME)";
				SWIFT_EMIT_LOC_STRINGS = NO;
				SWIFT_VERSION = 5.0;
				TARGETED_DEVICE_FAMILY = "1,2";
				TEST_HOST = "$(BUILT_PRODUCTS_DIR)/HackwichFOUR_v2_9.21.23.app/$(BUNDLE_EXECUTABLE_FOLDER_PATH)/HackwichFOUR_v2_9.21.23";
			};
			name = Release;
		};
		21F03EC02ABC50A700ABEF00 /* Debug */ = {
			isa = XCBuildConfiguration;
			buildSettings = {
				ALWAYS_EMBED_SWIFT_STANDARD_LIBRARIES = YES;
				CODE_SIGN_STYLE = Automatic;
				CURRENT_PROJECT_VERSION = 1;
				DEVELOPMENT_TEAM = 2U492TAFXP;
				GENERATE_INFOPLIST_FILE = YES;
				MARKETING_VERSION = 1.0;
				PRODUCT_BUNDLE_IDENTIFIER = "UHWO.HackwichFOUR-v2-9-21-23UITests";
				PRODUCT_NAME = "$(TARGET_NAME)";
				SWIFT_EMIT_LOC_STRINGS = NO;
				SWIFT_VERSION = 5.0;
				TARGETED_DEVICE_FAMILY = "1,2";
				TEST_TARGET_NAME = HackwichFOUR_v2_9.21.23;
			};
			name = Debug;
		};
		21F03EC12ABC50A700ABEF00 /* Release */ = {
			isa = XCBuildConfiguration;
			buildSettings = {
				ALWAYS_EMBED_SWIFT_STANDARD_LIBRARIES = YES;
				CODE_SIGN_STYLE = Automatic;
				CURRENT_PROJECT_VERSION = 1;
				DEVELOPMENT_TEAM = 2U492TAFXP;
				GENERATE_INFOPLIST_FILE = YES;
				MARKETING_VERSION = 1.0;
				PRODUCT_BUNDLE_IDENTIFIER = "UHWO.HackwichFOUR-v2-9-21-23UITests";
				PRODUCT_NAME = "$(TARGET_NAME)";
				SWIFT_EMIT_LOC_STRINGS = NO;
				SWIFT_VERSION = 5.0;
				TARGETED_DEVICE_FAMILY = "1,2";
				TEST_TARGET_NAME = HackwichFOUR_v2_9.21.23;
			};
			name = Release;
		};
/* End XCBuildConfiguration section */

/* Begin XCConfigurationList section */
		21F03E8A2ABC50A600ABEF00 /* Build configuration list for PBXProject "HackwichFOUR_v2_9.21.23" */ = {
			isa = XCConfigurationList;
			buildConfigurations = (
				21F03EB72ABC50A700ABEF00 /* Debug */,
				21F03EB82ABC50A700ABEF00 /* Release */,
			);
			defaultConfigurationIsVisible = 0;
			defaultConfigurationName = Release;
		};
		21F03EB92ABC50A700ABEF00 /* Build configuration list for PBXNativeTarget "HackwichFOUR_v2_9.21.23" */ = {
			isa = XCConfigurationList;
			buildConfigurations = (
				21F03EBA2ABC50A700ABEF00 /* Debug */,
				21F03EBB2ABC50A700ABEF00 /* Release */,
			);
			defaultConfigurationIsVisible = 0;
			defaultConfigurationName = Release;
		};
		21F03EBC2ABC50A700ABEF00 /* Build configuration list for PBXNativeTarget "HackwichFOUR_v2_9.21.23Tests" */ = {
			isa = XCConfigurationList;
			buildConfigurations = (
				21F03EBD2ABC50A700ABEF00 /* Debug */,
				21F03EBE2ABC50A700ABEF00 /* Release */,
			);
			defaultConfigurationIsVisible = 0;
			defaultConfigurationName = Release;
		};
		21F03EBF2ABC50A700ABEF00 /* Build configuration list for PBXNativeTarget "HackwichFOUR_v2_9.21.23UITests" */ = {
			isa = XCConfigurationList;
			buildConfigurations = (
				21F03EC02ABC50A700ABEF00 /* Debug */,
				21F03EC12ABC50A700ABEF00 /* Release */,
			);
			defaultConfigurationIsVisible = 0;
			defaultConfigurationName = Release;
		};
/* End XCConfigurationList section */
	};
	rootObject = 21F03E872ABC50A600ABEF00 /* Project object */;
}
